{
  "name": "e2ba9826-ef32-11e9-bcf8-93aee4f6a615",
  "version": "1.0.0",
  "lockfileVersion": 1,
  "requires": true,
  "dependencies": {
    "uuid-by-string": {
      "version": "0.6.0",
      "resolved": "https://registry.npmjs.org/uuid-by-string/-/uuid-by-string-0.6.0.tgz",
      "integrity": "sha512-Rsg0j+HGSX3kMWI07Cisn5FZQWqeuwaXoS9UhSfGQbo112Nik64Ze9BKQZyEWVCZT7SyikJ5YdN2HXuQ8Lvbug=="
    }
  }
}
